
Microsoft Visual Studio Solution File, Format Version 12.00
# Visual Studio 2012
Project("{FAE04EC0-301F-11D3-BF4B-00C04F79EFBC}") = "Study", "Study\Study.csproj", "{B1914291-E1EF-40DC-BC5F-89618E0D5C50}"
EndProject
Project("{FAE04EC0-301F-11D3-BF4B-00C04F79EFBC}") = "Vechicles", "Vechicles\Vechicles.csproj", "{5F7E0C8C-C6DB-4BFC-B8AC-4EABEBB3B1EB}"
EndProject
Global
	GlobalSection(SolutionConfigurationPlatforms) = preSolution
		Debug|Any CPU = Debug|Any CPU
		Release|Any CPU = Release|Any CPU
	EndGlobalSection
	GlobalSection(ProjectConfigurationPlatforms) = postSolution
		{B1914291-E1EF-40DC-BC5F-89618E0D5C50}.Debug|Any CPU.ActiveCfg = Debug|Any CPU
		{B1914291-E1EF-40DC-BC5F-89618E0D5C50}.Debug|Any CPU.Build.0 = Debug|Any CPU
		{B1914291-E1EF-40DC-BC5F-89618E0D5C50}.Release|Any CPU.ActiveCfg = Release|Any CPU
		{B1914291-E1EF-40DC-BC5F-89618E0D5C50}.Release|Any CPU.Build.0 = Release|Any CPU
		{5F7E0C8C-C6DB-4BFC-B8AC-4EABEBB3B1EB}.Debug|Any CPU.ActiveCfg = Debug|Any CPU
		{5F7E0C8C-C6DB-4BFC-B8AC-4EABEBB3B1EB}.Debug|Any CPU.Build.0 = Debug|Any CPU
		{5F7E0C8C-C6DB-4BFC-B8AC-4EABEBB3B1EB}.Release|Any CPU.ActiveCfg = Release|Any CPU
		{5F7E0C8C-C6DB-4BFC-B8AC-4EABEBB3B1EB}.Release|Any CPU.Build.0 = Release|Any CPU
	EndGlobalSection
	GlobalSection(SolutionProperties) = preSolution
		HideSolutionNode = FALSE
	EndGlobalSection
EndGlobal
